Microsoft Visual Studio Solution File, Format Version 12.00
# Visual Studio Version 17
VisualStudioVersion = 17.5.2.0
MinimumVisualStudioVersion = 10.0.40219.1
Project("{FAE04EC0-301F-11D3-BF4B-00C04F79EFBC}") = "W3SafeDockingAPI", "W3SafeDockingAPI.csproj", "{9F32ACE8-755E-9290-74CF-309F3248F2A5}"
EndProject
Global
	GlobalSection(SolutionConfigurationPlatforms) = preSolution
		Debug|Any CPU = Debug|Any CPU
		Release|Any CPU = Release|Any CPU
	EndGlobalSection
	GlobalSection(ProjectConfigurationPlatforms) = postSolution
		{9F32ACE8-755E-9290-74CF-309F3248F2A5}.Debug|Any CPU.ActiveCfg = Debug|Any CPU
		{9F32ACE8-755E-9290-74CF-309F3248F2A5}.Debug|Any CPU.Build.0 = Debug|Any CPU
		{9F32ACE8-755E-9290-74CF-309F3248F2A5}.Release|Any CPU.ActiveCfg = Release|Any CPU
		{9F32ACE8-755E-9290-74CF-309F3248F2A5}.Release|Any CPU.Build.0 = Release|Any CPU
	EndGlobalSection
	GlobalSection(SolutionProperties) = preSolution
		HideSolutionNode = FALSE
	EndGlobalSection
	GlobalSection(ExtensibilityGlobals) = postSolution
		SolutionGuid = {7EF75120-B834-439B-886A-84C7CA55E0F8}
	EndGlobalSection
EndGlobal
